uuid: e0d35c2a-5008-4cf5-9daa-642ed4f585fa
langcode: en
status: true
dependencies:
  module:
    - commerce_product
    - ilr_registrations
    - system
  theme:
    - union_register
id: union_register_marketing_link_block
theme: union_register
region: content
weight: 0
provider: null
plugin: marketing_link_block
settings:
  id: marketing_link_block
  label: 'Marketing link block'
  label_display: '0'
  provider: ilr_registrations
  marketing_site_url: 'https://www.ilr.cornell.edu'
  course_catalog_uri: /programs/professional-education
  link_text: 'Back to course page'
visibility:
  request_path:
    id: request_path
    negate: false
    context_mapping: {  }
    pages: '/product/*'
  product_type:
    id: product_type
    bundles:
      course: course
    negate: 0
    context_mapping:
      product: '@commerce_product.product_route_context:commerce_product'
